// !$*UTF8*$!
{
	archiveVersion = 1;
	classes = {
	};
	objectVersion = 55;
	objects = {

/* Begin PBXBuildFile section */
		0027DCC3290977030015CCEF /* NotificationRow.swift in Sources */ = {isa = PBXBuildFile; fileRef = 0027DCC2290977030015CCEF /* NotificationRow.swift */; };
		0027DCC5290979DC0015CCEF /* LiteModeRow.swift in Sources */ = {isa = PBXBuildFile; fileRef = 0027DCC4290979DC0015CCEF /* LiteModeRow.swift */; };
		0027DCC829097BF00015CCEF /* FirebaseMessaging in Frameworks */ = {isa = PBXBuildFile; productRef = 0027DCC729097BF00015CCEF /* FirebaseMessaging */; };
		0027DCCA29097C140015CCEF /* FirebaseAnalytics in Frameworks */ = {isa = PBXBuildFile; productRef = 0027DCC929097C140015CCEF /* FirebaseAnalytics */; };
		0047794A28E5DF1E001AE090 /* CourseManagerApp.swift in Sources */ = {isa = PBXBuildFile; fileRef = 0047794928E5DF1E001AE090 /* CourseManagerApp.swift */; };
		0047794C28E5DF1E001AE090 /* CoursesView.swift in Sources */ = {isa = PBXBuildFile; fileRef = 0047794B28E5DF1E001AE090 /* CoursesView.swift */; };
		0047794E28E5DF1F001AE090 /* Assets.xcassets in Resources */ = {isa = PBXBuildFile; fileRef = 0047794D28E5DF1F001AE090 /* Assets.xcassets */; };
		0047795128E5DF1F001AE090 /* Preview Assets.xcassets in Resources */ = {isa = PBXBuildFile; fileRef = 0047795028E5DF1F001AE090 /* Preview Assets.xcassets */; };
		0047795828E5E095001AE090 /* CourseInformation.swift in Sources */ = {isa = PBXBuildFile; fileRef = 0047795728E5E095001AE090 /* CourseInformation.swift */; };
		0047795B28E5E364001AE090 /* AddOrEditCourseSheet.swift in Sources */ = {isa = PBXBuildFile; fileRef = 0047795A28E5E364001AE090 /* AddOrEditCourseSheet.swift */; };
		0047795F28E60F96001AE090 /* GoogleService-Info.plist in Resources */ = {isa = PBXBuildFile; fileRef = 0047795E28E60F96001AE090 /* GoogleService-Info.plist */; };
		0047796228E61183001AE090 /* FirebaseAuth in Frameworks */ = {isa = PBXBuildFile; productRef = 0047796128E61183001AE090 /* FirebaseAuth */; };
		0047796428E61183001AE090 /* FirebaseFirestore in Frameworks */ = {isa = PBXBuildFile; productRef = 0047796328E61183001AE090 /* FirebaseFirestore */; };
		0047796628E61183001AE090 /* FirebaseFirestoreCombine-Community in Frameworks */ = {isa = PBXBuildFile; productRef = 0047796528E61183001AE090 /* FirebaseFirestoreCombine-Community */; };
		0047796828E61183001AE090 /* FirebaseFirestoreSwift in Frameworks */ = {isa = PBXBuildFile; productRef = 0047796728E61183001AE090 /* FirebaseFirestoreSwift */; };
		0047796E28E75C3B001AE090 /* CoursesViewModel.swift in Sources */ = {isa = PBXBuildFile; fileRef = 0047796D28E75C3B001AE090 /* CoursesViewModel.swift */; };
		0047797028E75CA5001AE090 /* AddOrEditCourseViewModel.swift in Sources */ = {isa = PBXBuildFile; fileRef = 0047796F28E75CA5001AE090 /* AddOrEditCourseViewModel.swift */; };
		00585EC728FC867D00BD3D6C /* ButtonLabelStyle.swift in Sources */ = {isa = PBXBuildFile; fileRef = 00585EC628FC867D00BD3D6C /* ButtonLabelStyle.swift */; };
		0070D0D6291BFC7F00E6C266 /* ContentViewWeather.swift in Sources */ = {isa = PBXBuildFile; fileRef = 0070D0D5291BFC7F00E6C266 /* ContentViewWeather.swift */; };
		0070D0DA291BFCF900E6C266 /* Weather + Extensions.swift in Sources */ = {isa = PBXBuildFile; fileRef = 0070D0D9291BFCF900E6C266 /* Weather + Extensions.swift */; };
		0070D0DC291BFE7500E6C266 /* HomeViewWeather.swift in Sources */ = {isa = PBXBuildFile; fileRef = 0070D0DB291BFE7500E6C266 /* HomeViewWeather.swift */; };
		0070D0DE291C04BD00E6C266 /* TabBarWeather.swift in Sources */ = {isa = PBXBuildFile; fileRef = 0070D0DD291C04BD00E6C266 /* TabBarWeather.swift */; };
		0070D0E0291C08D500E6C266 /* Shapes.swift in Sources */ = {isa = PBXBuildFile; fileRef = 0070D0DF291C08D500E6C266 /* Shapes.swift */; };
		0070D0E3291C0FFD00E6C266 /* BottomSheet in Frameworks */ = {isa = PBXBuildFile; productRef = 0070D0E2291C0FFD00E6C266 /* BottomSheet */; };
		0070D0E5291C126900E6C266 /* ForecastView.swift in Sources */ = {isa = PBXBuildFile; fileRef = 0070D0E4291C126900E6C266 /* ForecastView.swift */; };
		0070D0E7291C307000E6C266 /* SegmentedControl.swift in Sources */ = {isa = PBXBuildFile; fileRef = 0070D0E6291C307000E6C266 /* SegmentedControl.swift */; };
		0070D0E9291D493700E6C266 /* ForecastModel.swift in Sources */ = {isa = PBXBuildFile; fileRef = 0070D0E8291D493700E6C266 /* ForecastModel.swift */; };
		0070D0EB291D4B0500E6C266 /* ForecastCard.swift in Sources */ = {isa = PBXBuildFile; fileRef = 0070D0EA291D4B0500E6C266 /* ForecastCard.swift */; };
		0070D0ED291D58DA00E6C266 /* NavigationBarWeather.swift in Sources */ = {isa = PBXBuildFile; fileRef = 0070D0EC291D58DA00E6C266 /* NavigationBarWeather.swift */; };
		0070D0EF291D59E900E6C266 /* WeatherView.swift in Sources */ = {isa = PBXBuildFile; fileRef = 0070D0EE291D59E900E6C266 /* WeatherView.swift */; };
		0070D0F1291D5E1F00E6C266 /* WeatherWidget.swift in Sources */ = {isa = PBXBuildFile; fileRef = 0070D0F0291D5E1F00E6C266 /* WeatherWidget.swift */; };
		0070D0F7291EABD400E6C266 /* NotificationView.swift in Sources */ = {isa = PBXBuildFile; fileRef = 0070D0F6291EABD400E6C266 /* NotificationView.swift */; };
		0070D0F9291EAC1E00E6C266 /* ExploreView.swift in Sources */ = {isa = PBXBuildFile; fileRef = 0070D0F8291EAC1E00E6C266 /* ExploreView.swift */; };
		0070D0FB291EAC5100E6C266 /* LibraryView.swift in Sources */ = {isa = PBXBuildFile; fileRef = 0070D0FA291EAC5100E6C266 /* LibraryView.swift */; };
		0070D0FE291EAE0C00E6C266 /* SectionView.swift in Sources */ = {isa = PBXBuildFile; fileRef = 0070D0FD291EAE0C00E6C266 /* SectionView.swift */; };
		0070D101291EB13D00E6C266 /* Address.swift in Sources */ = {isa = PBXBuildFile; fileRef = 0070D100291EB13D00E6C266 /* Address.swift */; };
		0070D103291EB16800E6C266 /* Coin.swift in Sources */ = {isa = PBXBuildFile; fileRef = 0070D102291EB16800E6C266 /* Coin.swift */; };
		0070D105291EB18B00E6C266 /* CourseSection.swift in Sources */ = {isa = PBXBuildFile; fileRef = 0070D104291EB18B00E6C266 /* CourseSection.swift */; };
		0070D107291EB1AD00E6C266 /* Handbook.swift in Sources */ = {isa = PBXBuildFile; fileRef = 0070D106291EB1AD00E6C266 /* Handbook.swift */; };
		0070D109291EB1D700E6C266 /* Topic.swift in Sources */ = {isa = PBXBuildFile; fileRef = 0070D108291EB1D700E6C266 /* Topic.swift */; };
		0070D10C291EB25800E6C266 /* SectionRow.swift in Sources */ = {isa = PBXBuildFile; fileRef = 0070D10B291EB25800E6C266 /* SectionRow.swift */; };
		0070D10E291EB28200E6C266 /* SmallCourseItem.swift in Sources */ = {isa = PBXBuildFile; fileRef = 0070D10D291EB28200E6C266 /* SmallCourseItem.swift */; };
		0070D110291EB2AB00E6C266 /* HandbookItem.swift in Sources */ = {isa = PBXBuildFile; fileRef = 0070D10F291EB2AB00E6C266 /* HandbookItem.swift */; };
		0070D112291EB48E00E6C266 /* ListRow.swift in Sources */ = {isa = PBXBuildFile; fileRef = 0070D111291EB48E00E6C266 /* ListRow.swift */; };
		0070D114291EB4BB00E6C266 /* CertificateView.swift in Sources */ = {isa = PBXBuildFile; fileRef = 0070D113291EB4BB00E6C266 /* CertificateView.swift */; };
		0070D117291EB62000E6C266 /* AvatarView.swift in Sources */ = {isa = PBXBuildFile; fileRef = 0070D116291EB62000E6C266 /* AvatarView.swift */; };
		0070D119291EB64B00E6C266 /* PlayView.swift in Sources */ = {isa = PBXBuildFile; fileRef = 0070D118291EB64B00E6C266 /* PlayView.swift */; };
		0070D11C291EB6B200E6C266 /* CircularView.swift in Sources */ = {isa = PBXBuildFile; fileRef = 0070D11B291EB6B200E6C266 /* CircularView.swift */; };
		0070D11E292409DE00E6C266 /* AppColors.swift in Sources */ = {isa = PBXBuildFile; fileRef = 0070D11D292409DE00E6C266 /* AppColors.swift */; };
		0071BEA629099EE90074C83C /* NotificationViewModel.swift in Sources */ = {isa = PBXBuildFile; fileRef = 0071BEA529099EE90074C83C /* NotificationViewModel.swift */; };
		0071BEA8290ADBAD0074C83C /* NetworkReachability.swift in Sources */ = {isa = PBXBuildFile; fileRef = 0071BEA7290ADBAD0074C83C /* NetworkReachability.swift */; };
		00A0C5C12911856C005ED2DC /* CourseCardConcurrency.swift in Sources */ = {isa = PBXBuildFile; fileRef = 00A0C5BB2911856B005ED2DC /* CourseCardConcurrency.swift */; };
		00A0C5C22911856C005ED2DC /* DateTitle.swift in Sources */ = {isa = PBXBuildFile; fileRef = 00A0C5BC2911856B005ED2DC /* DateTitle.swift */; };
		00A0C5C32911856C005ED2DC /* FeaturedCourseListConcurrency.swift in Sources */ = {isa = PBXBuildFile; fileRef = 00A0C5BD2911856B005ED2DC /* FeaturedCourseListConcurrency.swift */; };
		00A0C5C42911856C005ED2DC /* FeaturedCourseCardConcurrency.swift in Sources */ = {isa = PBXBuildFile; fileRef = 00A0C5BE2911856B005ED2DC /* FeaturedCourseCardConcurrency.swift */; };
		00A0C5C52911856C005ED2DC /* CourseListConcurrency.swift in Sources */ = {isa = PBXBuildFile; fileRef = 00A0C5BF2911856C005ED2DC /* CourseListConcurrency.swift */; };
		00A0C5C72911863A005ED2DC /* HomeViewConcurrency.swift in Sources */ = {isa = PBXBuildFile; fileRef = 00A0C5C62911863A005ED2DC /* HomeViewConcurrency.swift */; };
		00A0C5C92911864E005ED2DC /* ContentViewConcurrency.swift in Sources */ = {isa = PBXBuildFile; fileRef = 00A0C5C82911864E005ED2DC /* ContentViewConcurrency.swift */; };
		00A0C5CC2911886C005ED2DC /* Apollo in Frameworks */ = {isa = PBXBuildFile; productRef = 00A0C5CB2911886C005ED2DC /* Apollo */; };
		00A0C5E02912C66C005ED2DC /* CourseQuery.graphql in Resources */ = {isa = PBXBuildFile; fileRef = 00A0C5DF2912C66C005ED2DC /* CourseQuery.graphql */; };
		00CE55F62913137300B56CD0 /* schema.json in Resources */ = {isa = PBXBuildFile; fileRef = 00CE55F52913137300B56CD0 /* schema.json */; };
		00CE55FB2913177A00B56CD0 /* Network.swift in Sources */ = {isa = PBXBuildFile; fileRef = 00CE55FA2913177A00B56CD0 /* Network.swift */; };
		00CE5601291403C100B56CD0 /* DownloadImageAsync.swift in Sources */ = {isa = PBXBuildFile; fileRef = 00CE5600291403C100B56CD0 /* DownloadImageAsync.swift */; };
		00CE560529143C8E00B56CD0 /* CheckedContinuationBootcamp.swift in Sources */ = {isa = PBXBuildFile; fileRef = 00CE560429143C8E00B56CD0 /* CheckedContinuationBootcamp.swift */; };
		00CF92A328EB2E2D002CE4A8 /* CourseDetailsView.swift in Sources */ = {isa = PBXBuildFile; fileRef = 00CF92A228EB2E2D002CE4A8 /* CourseDetailsView.swift */; };
		00CF92A528ED2F11002CE4A8 /* CourseDetailsViewModel.swift in Sources */ = {isa = PBXBuildFile; fileRef = 00CF92A428ED2F11002CE4A8 /* CourseDetailsViewModel.swift */; };
		00CF92B828F3D50B002CE4A8 /* FirebaseRepository.swift in Sources */ = {isa = PBXBuildFile; fileRef = 00CF92B728F3D50B002CE4A8 /* FirebaseRepository.swift */; };
		00CF92E828F88A7E002CE4A8 /* SearchView.swift in Sources */ = {isa = PBXBuildFile; fileRef = 00CF92D028F88A7E002CE4A8 /* SearchView.swift */; };
		00CF92E928F88A7E002CE4A8 /* CourseView.swift in Sources */ = {isa = PBXBuildFile; fileRef = 00CF92D128F88A7E002CE4A8 /* CourseView.swift */; };
		00CF92EA28F88A7E002CE4A8 /* HomeView.swift in Sources */ = {isa = PBXBuildFile; fileRef = 00CF92D228F88A7E002CE4A8 /* HomeView.swift */; };
		00CF92EB28F88A7E002CE4A8 /* ModalView.swift in Sources */ = {isa = PBXBuildFile; fileRef = 00CF92D428F88A7E002CE4A8 /* ModalView.swift */; };
		00CF92EC28F88A7E002CE4A8 /* SignInView.swift in Sources */ = {isa = PBXBuildFile; fileRef = 00CF92D528F88A7E002CE4A8 /* SignInView.swift */; };
		00CF92ED28F88A7E002CE4A8 /* SignUpView.swift in Sources */ = {isa = PBXBuildFile; fileRef = 00CF92D628F88A7E002CE4A8 /* SignUpView.swift */; };
		00CF92EE28F88A7E002CE4A8 /* AccountView.swift in Sources */ = {isa = PBXBuildFile; fileRef = 00CF92D728F88A7E002CE4A8 /* AccountView.swift */; };
		00CF92EF28F88A7E002CE4A8 /* CourseItem.swift in Sources */ = {isa = PBXBuildFile; fileRef = 00CF92D928F88A7E002CE4A8 /* CourseItem.swift */; };
		00CF92F028F88A7E002CE4A8 /* BlobView.swift in Sources */ = {isa = PBXBuildFile; fileRef = 00CF92DA28F88A7E002CE4A8 /* BlobView.swift */; };
		00CF92F128F88A7E002CE4A8 /* HexagonView.swift in Sources */ = {isa = PBXBuildFile; fileRef = 00CF92DB28F88A7E002CE4A8 /* HexagonView.swift */; };
		00CF92F228F88A7E002CE4A8 /* FeaturedItem.swift in Sources */ = {isa = PBXBuildFile; fileRef = 00CF92DC28F88A7E002CE4A8 /* FeaturedItem.swift */; };
		00CF92F328F88A7E002CE4A8 /* Model.swift in Sources */ = {isa = PBXBuildFile; fileRef = 00CF92DE28F88A7E002CE4A8 /* Model.swift */; };
		00CF92F428F88A7E002CE4A8 /* Suggestion.swift in Sources */ = {isa = PBXBuildFile; fileRef = 00CF92DF28F88A7E002CE4A8 /* Suggestion.swift */; };
		00CF92F528F88A7E002CE4A8 /* PreferenceKeys.swift in Sources */ = {isa = PBXBuildFile; fileRef = 00CF92E028F88A7E002CE4A8 /* PreferenceKeys.swift */; };
		00CF92F628F88A7E002CE4A8 /* Course.swift in Sources */ = {isa = PBXBuildFile; fileRef = 00CF92E128F88A7E002CE4A8 /* Course.swift */; };
		00CF92F728F88A7E002CE4A8 /* Tab.swift in Sources */ = {isa = PBXBuildFile; fileRef = 00CF92E228F88A7E002CE4A8 /* Tab.swift */; };
		00CF92F828F88A7E002CE4A8 /* TabBar.swift in Sources */ = {isa = PBXBuildFile; fileRef = 00CF92E428F88A7E002CE4A8 /* TabBar.swift */; };
		00CF92F928F88A7E002CE4A8 /* NavigationBar.swift in Sources */ = {isa = PBXBuildFile; fileRef = 00CF92E528F88A7E002CE4A8 /* NavigationBar.swift */; };
		00CF92FA28F88A7E002CE4A8 /* ContentView.swift in Sources */ = {isa = PBXBuildFile; fileRef = 00CF92E628F88A7E002CE4A8 /* ContentView.swift */; };
		00CF930C28F88BD7002CE4A8 /* Styles.swift in Sources */ = {isa = PBXBuildFile; fileRef = 00CF930728F88BD7002CE4A8 /* Styles.swift */; };
		00CF930D28F88BD7002CE4A8 /* InputStyle.swift in Sources */ = {isa = PBXBuildFile; fileRef = 00CF930828F88BD7002CE4A8 /* InputStyle.swift */; };
		00CF930E28F88BD7002CE4A8 /* Animations.swift in Sources */ = {isa = PBXBuildFile; fileRef = 00CF930928F88BD7002CE4A8 /* Animations.swift */; };
		00CF930F28F88BD7002CE4A8 /* AnimatableFontModifier.swift in Sources */ = {isa = PBXBuildFile; fileRef = 00CF930A28F88BD7002CE4A8 /* AnimatableFontModifier.swift */; };
		00CF931028F88BD7002CE4A8 /* AngularButtonStyle.swift in Sources */ = {isa = PBXBuildFile; fileRef = 00CF930B28F88BD7002CE4A8 /* AngularButtonStyle.swift */; };
		00F2C82C2902564F00F43A45 /* ContentViewSwiftUICombineCourse.swift in Sources */ = {isa = PBXBuildFile; fileRef = 00F2C82B2902564F00F43A45 /* ContentViewSwiftUICombineCourse.swift */; };
		00F2C8342902589300F43A45 /* VisualEffectBlur.swift in Sources */ = {isa = PBXBuildFile; fileRef = 00F2C8332902589300F43A45 /* VisualEffectBlur.swift */; };
		00F2C836290258FE00F43A45 /* AccountBackground.swift in Sources */ = {isa = PBXBuildFile; fileRef = 00F2C835290258FE00F43A45 /* AccountBackground.swift */; };
		00F2C83929025A2E00F43A45 /* Package.swift in Sources */ = {isa = PBXBuildFile; fileRef = 00F2C83829025A2E00F43A45 /* Package.swift */; };
		00F2C83D29025A8A00F43A45 /* MenuRow.swift in Sources */ = {isa = PBXBuildFile; fileRef = 00F2C83C29025A8A00F43A45 /* MenuRow.swift */; };
		00F2C83F29025AAE00F43A45 /* PackageRow.swift in Sources */ = {isa = PBXBuildFile; fileRef = 00F2C83E29025AAE00F43A45 /* PackageRow.swift */; };
		00F2C84229025AEC00F43A45 /* GradientIcon.swift in Sources */ = {isa = PBXBuildFile; fileRef = 00F2C84129025AEC00F43A45 /* GradientIcon.swift */; };
		00F2C84529025B5A00F43A45 /* TrackableScrollView.swift in Sources */ = {isa = PBXBuildFile; fileRef = 00F2C84429025B5A00F43A45 /* TrackableScrollView.swift */; };
		00F2C84829025B9C00F43A45 /* PackagesView.swift in Sources */ = {isa = PBXBuildFile; fileRef = 00F2C84729025B9C00F43A45 /* PackagesView.swift */; };
		00F2C84A29025BAD00F43A45 /* FAQView.swift in Sources */ = {isa = PBXBuildFile; fileRef = 00F2C84929025BAD00F43A45 /* FAQView.swift */; };
		00F2C84C290703BF00F43A45 /* FAQ.swift in Sources */ = {isa = PBXBuildFile; fileRef = 00F2C84B290703BF00F43A45 /* FAQ.swift */; };
		00F2C84F2907049D00F43A45 /* faqData.json in Resources */ = {isa = PBXBuildFile; fileRef = 00F2C84E2907049D00F43A45 /* faqData.json */; };
		00F2C8512907064000F43A45 /* ModelData.swift in Sources */ = {isa = PBXBuildFile; fileRef = 00F2C8502907064000F43A45 /* ModelData.swift */; };
		00F2C853290708F600F43A45 /* FAQRow.swift in Sources */ = {isa = PBXBuildFile; fileRef = 00F2C852290708F600F43A45 /* FAQRow.swift */; };
		00F2C856290720DF00F43A45 /* PrimaryButton.swift in Sources */ = {isa = PBXBuildFile; fileRef = 00F2C855290720DF00F43A45 /* PrimaryButton.swift */; };
		00F2C858290723AB00F43A45 /* Extensions.swift in Sources */ = {isa = PBXBuildFile; fileRef = 00F2C857290723AB00F43A45 /* Extensions.swift */; };
		00F2C85A29078D1500F43A45 /* ProfileRow.swift in Sources */ = {isa = PBXBuildFile; fileRef = 00F2C85929078D1500F43A45 /* ProfileRow.swift */; };
		00F2C85C2908222300F43A45 /* Certificate.swift in Sources */ = {isa = PBXBuildFile; fileRef = 00F2C85B2908222300F43A45 /* Certificate.swift */; };
		00F2C85F290825A200F43A45 /* CertificateViewModel.swift in Sources */ = {isa = PBXBuildFile; fileRef = 00F2C85E290825A200F43A45 /* CertificateViewModel.swift */; };
		00F2C86129084D2A00F43A45 /* CertificatesView.swift in Sources */ = {isa = PBXBuildFile; fileRef = 00F2C86029084D2A00F43A45 /* CertificatesView.swift */; };
		00F2C86429084E5800F43A45 /* CertificateCard.swift in Sources */ = {isa = PBXBuildFile; fileRef = 00F2C86329084E5800F43A45 /* CertificateCard.swift */; };
/* End PBXBuildFile section */

/* Begin PBXFileReference section */
		0027DCC2290977030015CCEF /* NotificationRow.swift */ = {isa = PBXFileReference; lastKnownFileType = sourcecode.swift; path = NotificationRow.swift; sourceTree = "<group>"; };
		0027DCC4290979DC0015CCEF /* LiteModeRow.swift */ = {isa = PBXFileReference; lastKnownFileType = sourcecode.swift; path = LiteModeRow.swift; sourceTree = "<group>"; };
		0047794628E5DF1E001AE090 /* CourseManager.app */ = {isa = PBXFileReference; explicitFileType = wrapper.application; includeInIndex = 0; path = CourseManager.app; sourceTree = BUILT_PRODUCTS_DIR; };
		0047794928E5DF1E001AE090 /* CourseManagerApp.swift */ = {isa = PBXFileReference; lastKnownFileType = sourcecode.swift; path = CourseManagerApp.swift; sourceTree = "<group>"; };
		0047794B28E5DF1E001AE090 /* CoursesView.swift */ = {isa = PBXFileReference; lastKnownFileType = sourcecode.swift; path = CoursesView.swift; sourceTree = "<group>"; };
		0047794D28E5DF1F001AE090 /* Assets.xcassets */ = {isa = PBXFileReference; lastKnownFileType = folder.assetcatalog; path = Assets.xcassets; sourceTree = "<group>"; };
		0047795028E5DF1F001AE090 /* Preview Assets.xcassets */ = {isa = PBXFileReference; lastKnownFileType = folder.assetcatalog; path = "Preview Assets.xcassets"; sourceTree = "<group>"; };
		0047795728E5E095001AE090 /* CourseInformation.swift */ = {isa = PBXFileReference; lastKnownFileType = sourcecode.swift; path = CourseInformation.swift; sourceTree = "<group>"; };
		0047795A28E5E364001AE090 /* AddOrEditCourseSheet.swift */ = {isa = PBXFileReference; lastKnownFileType = sourcecode.swift; path = AddOrEditCourseSheet.swift; sourceTree = "<group>"; };
		0047795E28E60F96001AE090 /* GoogleService-Info.plist */ = {isa = PBXFileReference; fileEncoding = 4; lastKnownFileType = text.plist.xml; path = "GoogleService-Info.plist"; sourceTree = "<group>"; };
		0047796D28E75C3B001AE090 /* CoursesViewModel.swift */ = {isa = PBXFileReference; lastKnownFileType = sourcecode.swift; path = CoursesViewModel.swift; sourceTree = "<group>"; };
		0047796F28E75CA5001AE090 /* AddOrEditCourseViewModel.swift */ = {isa = PBXFileReference; lastKnownFileType = sourcecode.swift; path = AddOrEditCourseViewModel.swift; sourceTree = "<group>"; };
		00585EC328FB3E6B00BD3D6C /* Info.plist */ = {isa = PBXFileReference; lastKnownFileType = text.plist; path = Info.plist; sourceTree = "<group>"; };
		00585EC628FC867D00BD3D6C /* ButtonLabelStyle.swift */ = {isa = PBXFileReference; lastKnownFileType = sourcecode.swift; path = ButtonLabelStyle.swift; sourceTree = "<group>"; };
		0070D0D5291BFC7F00E6C266 /* ContentViewWeather.swift */ = {isa = PBXFileReference; lastKnownFileType = sourcecode.swift; path = ContentViewWeather.swift; sourceTree = "<group>"; };
		0070D0D9291BFCF900E6C266 /* Weather + Extensions.swift */ = {isa = PBXFileReference; lastKnownFileType = sourcecode.swift; path = "Weather + Extensions.swift"; sourceTree = "<group>"; };
		0070D0DB291BFE7500E6C266 /* HomeViewWeather.swift */ = {isa = PBXFileReference; lastKnownFileType = sourcecode.swift; path = HomeViewWeather.swift; sourceTree = "<group>"; };
		0070D0DD291C04BD00E6C266 /* TabBarWeather.swift */ = {isa = PBXFileReference; lastKnownFileType = sourcecode.swift; path = TabBarWeather.swift; sourceTree = "<group>"; };
		0070D0DF291C08D500E6C266 /* Shapes.swift */ = {isa = PBXFileReference; lastKnownFileType = sourcecode.swift; path = Shapes.swift; sourceTree = "<group>"; };
		0070D0E4291C126900E6C266 /* ForecastView.swift */ = {isa = PBXFileReference; lastKnownFileType = sourcecode.swift; path = ForecastView.swift; sourceTree = "<group>"; };
		0070D0E6291C307000E6C266 /* SegmentedControl.swift */ = {isa = PBXFileReference; lastKnownFileType = sourcecode.swift; path = SegmentedControl.swift; sourceTree = "<group>"; };
		0070D0E8291D493700E6C266 /* ForecastModel.swift */ = {isa = PBXFileReference; lastKnownFileType = sourcecode.swift; path = ForecastModel.swift; sourceTree = "<group>"; };
		0070D0EA291D4B0500E6C266 /* ForecastCard.swift */ = {isa = PBXFileReference; lastKnownFileType = sourcecode.swift; path = ForecastCard.swift; sourceTree = "<group>"; };
		0070D0EC291D58DA00E6C266 /* NavigationBarWeather.swift */ = {isa = PBXFileReference; lastKnownFileType = sourcecode.swift; path = NavigationBarWeather.swift; sourceTree = "<group>"; };
		0070D0EE291D59E900E6C266 /* WeatherView.swift */ = {isa = PBXFileReference; lastKnownFileType = sourcecode.swift; path = WeatherView.swift; sourceTree = "<group>"; };
		0070D0F0291D5E1F00E6C266 /* WeatherWidget.swift */ = {isa = PBXFileReference; lastKnownFileType = sourcecode.swift; path = WeatherWidget.swift; sourceTree = "<group>"; };
		0070D0F6291EABD400E6C266 /* NotificationView.swift */ = {isa = PBXFileReference; lastKnownFileType = sourcecode.swift; path = NotificationView.swift; sourceTree = "<group>"; };
		0070D0F8291EAC1E00E6C266 /* ExploreView.swift */ = {isa = PBXFileReference; lastKnownFileType = sourcecode.swift; path = ExploreView.swift; sourceTree = "<group>"; };
		0070D0FA291EAC5100E6C266 /* LibraryView.swift */ = {isa = PBXFileReference; lastKnownFileType = sourcecode.swift; path = LibraryView.swift; sourceTree = "<group>"; };
		0070D0FD291EAE0C00E6C266 /* SectionView.swift */ = {isa = PBXFileReference; lastKnownFileType = sourcecode.swift; path = SectionView.swift; sourceTree = "<group>"; };
		0070D100291EB13D00E6C266 /* Address.swift */ = {isa = PBXFileReference; lastKnownFileType = sourcecode.swift; path = Address.swift; sourceTree = "<group>"; };
		0070D102291EB16800E6C266 /* Coin.swift */ = {isa = PBXFileReference; lastKnownFileType = sourcecode.swift; path = Coin.swift; sourceTree = "<group>"; };
		0070D104291EB18B00E6C266 /* CourseSection.swift */ = {isa = PBXFileReference; lastKnownFileType = sourcecode.swift; path = CourseSection.swift; sourceTree = "<group>"; };
		0070D106291EB1AD00E6C266 /* Handbook.swift */ = {isa = PBXFileReference; lastKnownFileType = sourcecode.swift; path = Handbook.swift; sourceTree = "<group>"; };
		0070D108291EB1D700E6C266 /* Topic.swift */ = {isa = PBXFileReference; lastKnownFileType = sourcecode.swift; path = Topic.swift; sourceTree = "<group>"; };
		0070D10B291EB25800E6C266 /* SectionRow.swift */ = {isa = PBXFileReference; lastKnownFileType = sourcecode.swift; path = SectionRow.swift; sourceTree = "<group>"; };
		0070D10D291EB28200E6C266 /* SmallCourseItem.swift */ = {isa = PBXFileReference; lastKnownFileType = sourcecode.swift; path = SmallCourseItem.swift; sourceTree = "<group>"; };
		0070D10F291EB2AB00E6C266 /* HandbookItem.swift */ = {isa = PBXFileReference; lastKnownFileType = sourcecode.swift; path = HandbookItem.swift; sourceTree = "<group>"; };
		0070D111291EB48E00E6C266 /* ListRow.swift */ = {isa = PBXFileReference; lastKnownFileType = sourcecode.swift; path = ListRow.swift; sourceTree = "<group>"; };
		0070D113291EB4BB00E6C266 /* CertificateView.swift */ = {isa = PBXFileReference; lastKnownFileType = sourcecode.swift; path = CertificateView.swift; sourceTree = "<group>"; };
		0070D116291EB62000E6C266 /* AvatarView.swift */ = {isa = PBXFileReference; lastKnownFileType = sourcecode.swift; path = AvatarView.swift; sourceTree = "<group>"; };
		0070D118291EB64B00E6C266 /* PlayView.swift */ = {isa = PBXFileReference; lastKnownFileType = sourcecode.swift; path = PlayView.swift; sourceTree = "<group>"; };
		0070D11B291EB6B200E6C266 /* CircularView.swift */ = {isa = PBXFileReference; lastKnownFileType = sourcecode.swift; path = CircularView.swift; sourceTree = "<group>"; };
		0070D11D292409DE00E6C266 /* AppColors.swift */ = {isa = PBXFileReference; lastKnownFileType = sourcecode.swift; path = AppColors.swift; sourceTree = "<group>"; };
		0071BEA429098CCC0074C83C /* CourseManager.entitlements */ = {isa = PBXFileReference; lastKnownFileType = text.plist.entitlements; path = CourseManager.entitlements; sourceTree = "<group>"; };
		0071BEA529099EE90074C83C /* NotificationViewModel.swift */ = {isa = PBXFileReference; lastKnownFileType = sourcecode.swift; path = NotificationViewModel.swift; sourceTree = "<group>"; };
		0071BEA7290ADBAD0074C83C /* NetworkReachability.swift */ = {isa = PBXFileReference; lastKnownFileType = sourcecode.swift; path = NetworkReachability.swift; sourceTree = "<group>"; };
		00A0C5BB2911856B005ED2DC /* CourseCardConcurrency.swift */ = {isa = PBXFileReference; fileEncoding = 4; lastKnownFileType = sourcecode.swift; path = CourseCardConcurrency.swift; sourceTree = "<group>"; };
		00A0C5BC2911856B005ED2DC /* DateTitle.swift */ = {isa = PBXFileReference; fileEncoding = 4; lastKnownFileType = sourcecode.swift; path = DateTitle.swift; sourceTree = "<group>"; };
		00A0C5BD2911856B005ED2DC /* FeaturedCourseListConcurrency.swift */ = {isa = PBXFileReference; fileEncoding = 4; lastKnownFileType = sourcecode.swift; path = FeaturedCourseListConcurrency.swift; sourceTree = "<group>"; };
		00A0C5BE2911856B005ED2DC /* FeaturedCourseCardConcurrency.swift */ = {isa = PBXFileReference; fileEncoding = 4; lastKnownFileType = sourcecode.swift; path = FeaturedCourseCardConcurrency.swift; sourceTree = "<group>"; };
		00A0C5BF2911856C005ED2DC /* CourseListConcurrency.swift */ = {isa = PBXFileReference; fileEncoding = 4; lastKnownFileType = sourcecode.swift; path = CourseListConcurrency.swift; sourceTree = "<group>"; };
		00A0C5C62911863A005ED2DC /* HomeViewConcurrency.swift */ = {isa = PBXFileReference; fileEncoding = 4; lastKnownFileType = sourcecode.swift; path = HomeViewConcurrency.swift; sourceTree = "<group>"; };
		00A0C5C82911864E005ED2DC /* ContentViewConcurrency.swift */ = {isa = PBXFileReference; fileEncoding = 4; lastKnownFileType = sourcecode.swift; path = ContentViewConcurrency.swift; sourceTree = "<group>"; };
		00A0C5DF2912C66C005ED2DC /* CourseQuery.graphql */ = {isa = PBXFileReference; lastKnownFileType = text; path = CourseQuery.graphql; sourceTree = "<group>"; };
		00CE55F52913137300B56CD0 /* schema.json */ = {isa = PBXFileReference; fileEncoding = 4; lastKnownFileType = text.json; path = schema.json; sourceTree = "<group>"; };
		00CE55FA2913177A00B56CD0 /* Network.swift */ = {isa = PBXFileReference; lastKnownFileType = sourcecode.swift; path = Network.swift; sourceTree = "<group>"; };
		00CE5600291403C100B56CD0 /* DownloadImageAsync.swift */ = {isa = PBXFileReference; lastKnownFileType = sourcecode.swift; path = DownloadImageAsync.swift; sourceTree = "<group>"; };
		00CE560429143C8E00B56CD0 /* CheckedContinuationBootcamp.swift */ = {isa = PBXFileReference; lastKnownFileType = sourcecode.swift; path = CheckedContinuationBootcamp.swift; sourceTree = "<group>"; };
		00CF92A228EB2E2D002CE4A8 /* CourseDetailsView.swift */ = {isa = PBXFileReference; lastKnownFileType = sourcecode.swift; path = CourseDetailsView.swift; sourceTree = "<group>"; };
		00CF92A428ED2F11002CE4A8 /* CourseDetailsViewModel.swift */ = {isa = PBXFileReference; lastKnownFileType = sourcecode.swift; path = CourseDetailsViewModel.swift; sourceTree = "<group>"; };
		00CF92B728F3D50B002CE4A8 /* FirebaseRepository.swift */ = {isa = PBXFileReference; lastKnownFileType = sourcecode.swift; path = FirebaseRepository.swift; sourceTree = "<group>"; };
		00CF92D028F88A7E002CE4A8 /* SearchView.swift */ = {isa = PBXFileReference; fileEncoding = 4; lastKnownFileType = sourcecode.swift; path = SearchView.swift; sourceTree = "<group>"; };
		00CF92D128F88A7E002CE4A8 /* CourseView.swift */ = {isa = PBXFileReference; fileEncoding = 4; lastKnownFileType = sourcecode.swift; path = CourseView.swift; sourceTree = "<group>"; };
		00CF92D228F88A7E002CE4A8 /* HomeView.swift */ = {isa = PBXFileReference; fileEncoding = 4; lastKnownFileType = sourcecode.swift; path = HomeView.swift; sourceTree = "<group>"; };
		00CF92D428F88A7E002CE4A8 /* ModalView.swift */ = {isa = PBXFileReference; fileEncoding = 4; lastKnownFileType = sourcecode.swift; path = ModalView.swift; sourceTree = "<group>"; };
		00CF92D528F88A7E002CE4A8 /* SignInView.swift */ = {isa = PBXFileReference; fileEncoding = 4; lastKnownFileType = sourcecode.swift; path = SignInView.swift; sourceTree = "<group>"; };
		00CF92D628F88A7E002CE4A8 /* SignUpView.swift */ = {isa = PBXFileReference; fileEncoding = 4; lastKnownFileType = sourcecode.swift; path = SignUpView.swift; sourceTree = "<group>"; };
		00CF92D728F88A7E002CE4A8 /* AccountView.swift */ = {isa = PBXFileReference; fileEncoding = 4; lastKnownFileType = sourcecode.swift; path = AccountView.swift; sourceTree = "<group>"; };
		00CF92D928F88A7E002CE4A8 /* CourseItem.swift */ = {isa = PBXFileReference; fileEncoding = 4; lastKnownFileType = sourcecode.swift; path = CourseItem.swift; sourceTree = "<group>"; };
		00CF92DA28F88A7E002CE4A8 /* BlobView.swift */ = {isa = PBXFileReference; fileEncoding = 4; lastKnownFileType = sourcecode.swift; path = BlobView.swift; sourceTree = "<group>"; };
		00CF92DB28F88A7E002CE4A8 /* HexagonView.swift */ = {isa = PBXFileReference; fileEncoding = 4; lastKnownFileType = sourcecode.swift; path = HexagonView.swift; sourceTree = "<group>"; };
		00CF92DC28F88A7E002CE4A8 /* FeaturedItem.swift */ = {isa = PBXFileReference; fileEncoding = 4; lastKnownFileType = sourcecode.swift; name = FeaturedItem.swift; path = "../New Group/FeaturedItem.swift"; sourceTree = "<group>"; };
		00CF92DE28F88A7E002CE4A8 /* Model.swift */ = {isa = PBXFileReference; fileEncoding = 4; lastKnownFileType = sourcecode.swift; path = Model.swift; sourceTree = "<group>"; };
		00CF92DF28F88A7E002CE4A8 /* Suggestion.swift */ = {isa = PBXFileReference; fileEncoding = 4; lastKnownFileType = sourcecode.swift; path = Suggestion.swift; sourceTree = "<group>"; };
		00CF92E028F88A7E002CE4A8 /* PreferenceKeys.swift */ = {isa = PBXFileReference; fileEncoding = 4; lastKnownFileType = sourcecode.swift; path = PreferenceKeys.swift; sourceTree = "<group>"; };
		00CF92E128F88A7E002CE4A8 /* Course.swift */ = {isa = PBXFileReference; fileEncoding = 4; lastKnownFileType = sourcecode.swift; path = Course.swift; sourceTree = "<group>"; };
		00CF92E228F88A7E002CE4A8 /* Tab.swift */ = {isa = PBXFileReference; fileEncoding = 4; lastKnownFileType = sourcecode.swift; path = Tab.swift; sourceTree = "<group>"; };
		00CF92E428F88A7E002CE4A8 /* TabBar.swift */ = {isa = PBXFileReference; fileEncoding = 4; lastKnownFileType = sourcecode.swift; path = TabBar.swift; sourceTree = "<group>"; };
		00CF92E528F88A7E002CE4A8 /* NavigationBar.swift */ = {isa = PBXFileReference; fileEncoding = 4; lastKnownFileType = sourcecode.swift; path = NavigationBar.swift; sourceTree = "<group>"; };
		00CF92E628F88A7E002CE4A8 /* ContentView.swift */ = {isa = PBXFileReference; fileEncoding = 4; lastKnownFileType = sourcecode.swift; path = ContentView.swift; sourceTree = "<group>"; };
		00CF930728F88BD7002CE4A8 /* Styles.swift */ = {isa = PBXFileReference; fileEncoding = 4; lastKnownFileType = sourcecode.swift; path = Styles.swift; sourceTree = "<group>"; };
		00CF930828F88BD7002CE4A8 /* InputStyle.swift */ = {isa = PBXFileReference; fileEncoding = 4; lastKnownFileType = sourcecode.swift; path = InputStyle.swift; sourceTree = "<group>"; };
		00CF930928F88BD7002CE4A8 /* Animations.swift */ = {isa = PBXFileReference; fileEncoding = 4; lastKnownFileType = sourcecode.swift; path = Animations.swift; sourceTree = "<group>"; };
		00CF930A28F88BD7002CE4A8 /* AnimatableFontModifier.swift */ = {isa = PBXFileReference; fileEncoding = 4; lastKnownFileType = sourcecode.swift; path = AnimatableFontModifier.swift; sourceTree = "<group>"; };
		00CF930B28F88BD7002CE4A8 /* AngularButtonStyle.swift */ = {isa = PBXFileReference; fileEncoding = 4; lastKnownFileType = sourcecode.swift; path = AngularButtonStyle.swift; sourceTree = "<group>"; };
		00F2C82B2902564F00F43A45 /* ContentViewSwiftUICombineCourse.swift */ = {isa = PBXFileReference; fileEncoding = 4; lastKnownFileType = sourcecode.swift; path = ContentViewSwiftUICombineCourse.swift; sourceTree = "<group>"; };
		00F2C8332902589300F43A45 /* VisualEffectBlur.swift */ = {isa = PBXFileReference; lastKnownFileType = sourcecode.swift; path = VisualEffectBlur.swift; sourceTree = "<group>"; };
		00F2C835290258FE00F43A45 /* AccountBackground.swift */ = {isa = PBXFileReference; lastKnownFileType = sourcecode.swift; path = AccountBackground.swift; sourceTree = "<group>"; };
		00F2C83829025A2E00F43A45 /* Package.swift */ = {isa = PBXFileReference; lastKnownFileType = sourcecode.swift; path = Package.swift; sourceTree = "<group>"; };
		00F2C83C29025A8A00F43A45 /* MenuRow.swift */ = {isa = PBXFileReference; lastKnownFileType = sourcecode.swift; path = MenuRow.swift; sourceTree = "<group>"; };
		00F2C83E29025AAE00F43A45 /* PackageRow.swift */ = {isa = PBXFileReference; lastKnownFileType = sourcecode.swift; path = PackageRow.swift; sourceTree = "<group>"; };
		00F2C84129025AEC00F43A45 /* GradientIcon.swift */ = {isa = PBXFileReference; lastKnownFileType = sourcecode.swift; path = GradientIcon.swift; sourceTree = "<group>"; };
		00F2C84429025B5A00F43A45 /* TrackableScrollView.swift */ = {isa = PBXFileReference; lastKnownFileType = sourcecode.swift; path = TrackableScrollView.swift; sourceTree = "<group>"; };
		00F2C84729025B9C00F43A45 /* PackagesView.swift */ = {isa = PBXFileReference; lastKnownFileType = sourcecode.swift; path = PackagesView.swift; sourceTree = "<group>"; };
		00F2C84929025BAD00F43A45 /* FAQView.swift */ = {isa = PBXFileReference; lastKnownFileType = sourcecode.swift; path = FAQView.swift; sourceTree = "<group>"; };
		00F2C84B290703BF00F43A45 /* FAQ.swift */ = {isa = PBXFileReference; lastKnownFileType = sourcecode.swift; path = FAQ.swift; sourceTree = "<group>"; };
		00F2C84E2907049D00F43A45 /* faqData.json */ = {isa = PBXFileReference; lastKnownFileType = text.json; path = faqData.json; sourceTree = "<group>"; };
		00F2C8502907064000F43A45 /* ModelData.swift */ = {isa = PBXFileReference; lastKnownFileType = sourcecode.swift; path = ModelData.swift; sourceTree = "<group>"; };
		00F2C852290708F600F43A45 /* FAQRow.swift */ = {isa = PBXFileReference; lastKnownFileType = sourcecode.swift; path = FAQRow.swift; sourceTree = "<group>"; };
		00F2C855290720DF00F43A45 /* PrimaryButton.swift */ = {isa = PBXFileReference; lastKnownFileType = sourcecode.swift; path = PrimaryButton.swift; sourceTree = "<group>"; };
		00F2C857290723AB00F43A45 /* Extensions.swift */ = {isa = PBXFileReference; lastKnownFileType = sourcecode.swift; path = Extensions.swift; sourceTree = "<group>"; };
		00F2C85929078D1500F43A45 /* ProfileRow.swift */ = {isa = PBXFileReference; lastKnownFileType = sourcecode.swift; path = ProfileRow.swift; sourceTree = "<group>"; };
		00F2C85B2908222300F43A45 /* Certificate.swift */ = {isa = PBXFileReference; lastKnownFileType = sourcecode.swift; path = Certificate.swift; sourceTree = "<group>"; };
		00F2C85E290825A200F43A45 /* CertificateViewModel.swift */ = {isa = PBXFileReference; lastKnownFileType = sourcecode.swift; path = CertificateViewModel.swift; sourceTree = "<group>"; };
		00F2C86029084D2A00F43A45 /* CertificatesView.swift */ = {isa = PBXFileReference; lastKnownFileType = sourcecode.swift; path = CertificatesView.swift; sourceTree = "<group>"; };
		00F2C86329084E5800F43A45 /* CertificateCard.swift */ = {isa = PBXFileReference; lastKnownFileType = sourcecode.swift; path = CertificateCard.swift; sourceTree = "<group>"; };
/* End PBXFileReference section */

/* Begin PBXFrameworksBuildPhase section */
		0047794328E5DF1E001AE090 /* Frameworks */ = {
			isa = PBXFrameworksBuildPhase;
			buildActionMask = 2147483647;
			files = (
				0047796628E61183001AE090 /* FirebaseFirestoreCombine-Community in Frameworks */,
				0070D0E3291C0FFD00E6C266 /* BottomSheet in Frameworks */,
				0047796228E61183001AE090 /* FirebaseAuth in Frameworks */,
				0027DCCA29097C140015CCEF /* FirebaseAnalytics in Frameworks */,
				0027DCC829097BF00015CCEF /* FirebaseMessaging in Frameworks */,
				0047796428E61183001AE090 /* FirebaseFirestore in Frameworks */,
				00A0C5CC2911886C005ED2DC /* Apollo in Frameworks */,
				0047796828E61183001AE090 /* FirebaseFirestoreSwift in Frameworks */,
			);
			runOnlyForDeploymentPostprocessing = 0;
		};
/* End PBXFrameworksBuildPhase section */

/* Begin PBXGroup section */
		0027DCC629097BF00015CCEF /* Frameworks */ = {
			isa = PBXGroup;
			children = (
			);
			name = Frameworks;
			sourceTree = "<group>";
		};
		0047793D28E5DF1E001AE090 = {
			isa = PBXGroup;
			children = (
				0047794828E5DF1E001AE090 /* CourseManager */,
				0047794728E5DF1E001AE090 /* Products */,
				0027DCC629097BF00015CCEF /* Frameworks */,
			);
			sourceTree = "<group>";
		};
		0047794728E5DF1E001AE090 /* Products */ = {
			isa = PBXGroup;
			children = (
				0047794628E5DF1E001AE090 /* CourseManager.app */,
			);
			name = Products;
			sourceTree = "<group>";
		};
		0047794828E5DF1E001AE090 /* CourseManager */ = {
			isa = PBXGroup;
			children = (
				0047794928E5DF1E001AE090 /* CourseManagerApp.swift */,
				00CE55F52913137300B56CD0 /* schema.json */,
				0071BEA429098CCC0074C83C /* CourseManager.entitlements */,
				00585EC328FB3E6B00BD3D6C /* Info.plist */,
				00CF92B628F3D3BE002CE4A8 /* Repository */,
				0047795928E5E2C4001AE090 /* Model */,
				0047797128E76129001AE090 /* Views */,
				0047796C28E75C14001AE090 /* ViewModels */,
				00585EC528FC865C00BD3D6C /* Components */,
				00CF92CC28F8896E002CE4A8 /* Courses */,
				0047794D28E5DF1F001AE090 /* Assets.xcassets */,
				0047795E28E60F96001AE090 /* GoogleService-Info.plist */,
				0047794F28E5DF1F001AE090 /* Preview Content */,
				00A0C5DF2912C66C005ED2DC /* CourseQuery.graphql */,
			);
			path = CourseManager;
			sourceTree = "<group>";
		};
		0047794F28E5DF1F001AE090 /* Preview Content */ = {
			isa = PBXGroup;
			children = (
				0047795028E5DF1F001AE090 /* Preview Assets.xcassets */,
			);
			path = "Preview Content";
			sourceTree = "<group>";
		};
		0047795928E5E2C4001AE090 /* Model */ = {
			isa = PBXGroup;
			children = (
				0047795728E5E095001AE090 /* CourseInformation.swift */,
			);
			path = Model;
			sourceTree = "<group>";
		};
		0047796C28E75C14001AE090 /* ViewModels */ = {
			isa = PBXGroup;
			children = (
				0047796D28E75C3B001AE090 /* CoursesViewModel.swift */,
				0047796F28E75CA5001AE090 /* AddOrEditCourseViewModel.swift */,
				00CF92A428ED2F11002CE4A8 /* CourseDetailsViewModel.swift */,
			);
			path = ViewModels;
			sourceTree = "<group>";
		};
		0047797128E76129001AE090 /* Views */ = {
			isa = PBXGroup;
			children = (
				0047794B28E5DF1E001AE090 /* CoursesView.swift */,
				0047795A28E5E364001AE090 /* AddOrEditCourseSheet.swift */,
				00CF92A228EB2E2D002CE4A8 /* CourseDetailsView.swift */,
			);
			path = Views;
			sourceTree = "<group>";
		};
		00585EC528FC865C00BD3D6C /* Components */ = {
			isa = PBXGroup;
			children = (
				00585EC628FC867D00BD3D6C /* ButtonLabelStyle.swift */,
			);
			path = Components;
			sourceTree = "<group>";
		};
		0070D0CF291B097900E6C266 /* Course 4 UI and Animations in SwiftUI */ = {
			isa = PBXGroup;
			children = (
				0070D0D8291BFCBF00E6C266 /* Models */,
				0070D0D7291BFCB300E6C266 /* Utils */,
				0070D0D0291BFADF00E6C266 /* Views */,
			);
			path = "Course 4 UI and Animations in SwiftUI";
			sourceTree = "<group>";
		};
		0070D0D0291BFADF00E6C266 /* Views */ = {
			isa = PBXGroup;
			children = (
				0070D0D1291BFAEE00E6C266 /* Main */,
				0070D0D2291BFB0F00E6C266 /* Navigation */,
				0070D0D4291BFC3400E6C266 /* Detail */,
				0070D0D3291BFB1F00E6C266 /* Components */,
			);
			path = Views;
			sourceTree = "<group>";
		};
		0070D0D1291BFAEE00E6C266 /* Main */ = {
			isa = PBXGroup;
			children = (
				0070D0D5291BFC7F00E6C266 /* ContentViewWeather.swift */,
				0070D0DB291BFE7500E6C266 /* HomeViewWeather.swift */,
			);
			path = Main;
			sourceTree = "<group>";
		};
		0070D0D2291BFB0F00E6C266 /* Navigation */ = {
			isa = PBXGroup;
			children = (
				0070D0DD291C04BD00E6C266 /* TabBarWeather.swift */,
				0070D0EC291D58DA00E6C266 /* NavigationBarWeather.swift */,
			);
			path = Navigation;
			sourceTree = "<group>";
		};
		0070D0D3291BFB1F00E6C266 /* Components */ = {
			isa = PBXGroup;
			children = (
				0070D0E6291C307000E6C266 /* SegmentedControl.swift */,
				0070D0EA291D4B0500E6C266 /* ForecastCard.swift */,
				0070D0F0291D5E1F00E6C266 /* WeatherWidget.swift */,
			);
			path = Components;
			sourceTree = "<group>";
		};
		0070D0D4291BFC3400E6C266 /* Detail */ = {
			isa = PBXGroup;
			children = (
				0070D0E4291C126900E6C266 /* ForecastView.swift */,
				0070D0EE291D59E900E6C266 /* WeatherView.swift */,
			);
			path = Detail;
			sourceTree = "<group>";
		};
		0070D0D7291BFCB300E6C266 /* Utils */ = {
			isa = PBXGroup;
			children = (
				0070D0D9291BFCF900E6C266 /* Weather + Extensions.swift */,
				0070D0DF291C08D500E6C266 /* Shapes.swift */,
			);
			path = Utils;
			sourceTree = "<group>";
		};
		0070D0D8291BFCBF00E6C266 /* Models */ = {
			isa = PBXGroup;
			children = (
				0070D0E8291D493700E6C266 /* ForecastModel.swift */,
			);
			path = Models;
			sourceTree = "<group>";
		};
		0070D0F2291D766B00E6C266 /* Course 5 */ = {
			isa = PBXGroup;
			children = (
			);
			path = "Course 5";
			sourceTree = "<group>";
		};
		0070D0F3291EA9FC00E6C266 /* Main */ = {
			isa = PBXGroup;
			children = (
				00CF92D228F88A7E002CE4A8 /* HomeView.swift */,
				0070D0F6291EABD400E6C266 /* NotificationView.swift */,
				0070D0F8291EAC1E00E6C266 /* ExploreView.swift */,
				0070D0FA291EAC5100E6C266 /* LibraryView.swift */,
			);
			path = Main;
			sourceTree = "<group>";
		};
		0070D0FC291EAC8600E6C266 /* Detail */ = {
			isa = PBXGroup;
			children = (
				00CF92D128F88A7E002CE4A8 /* CourseView.swift */,
				0070D0FD291EAE0C00E6C266 /* SectionView.swift */,
			);
			path = Detail;
			sourceTree = "<group>";
		};
		0070D0FF291EAE5B00E6C266 /* Sheet */ = {
			isa = PBXGroup;
			children = (
				00CF92D728F88A7E002CE4A8 /* AccountView.swift */,
				00CF92D028F88A7E002CE4A8 /* SearchView.swift */,
			);
			path = Sheet;
			sourceTree = "<group>";
		};
		0070D10A291EB23400E6C266 /* Items */ = {
			isa = PBXGroup;
			children = (
				00CF92DC28F88A7E002CE4A8 /* FeaturedItem.swift */,
				00CF92D928F88A7E002CE4A8 /* CourseItem.swift */,
				0070D10B291EB25800E6C266 /* SectionRow.swift */,
				0070D10D291EB28200E6C266 /* SmallCourseItem.swift */,
				0070D10F291EB2AB00E6C266 /* HandbookItem.swift */,
				0070D111291EB48E00E6C266 /* ListRow.swift */,
				0070D113291EB4BB00E6C266 /* CertificateView.swift */,
			);
			path = Items;
			sourceTree = "<group>";
		};
		0070D115291EB60800E6C266 /* Buttons */ = {
			isa = PBXGroup;
			children = (
				0070D116291EB62000E6C266 /* AvatarView.swift */,
				0070D118291EB64B00E6C266 /* PlayView.swift */,
			);
			path = Buttons;
			sourceTree = "<group>";
		};
		0070D11A291EB68600E6C266 /* Graphics */ = {
			isa = PBXGroup;
			children = (
				00CF92DB28F88A7E002CE4A8 /* HexagonView.swift */,
				00CF92DA28F88A7E002CE4A8 /* BlobView.swift */,
				0070D11B291EB6B200E6C266 /* CircularView.swift */,
			);
			path = Graphics;
			sourceTree = "<group>";
		};
		00A0C5B729118505005ED2DC /* Course 3 Concurrency */ = {
			isa = PBXGroup;
			children = (
				00CE55FC2913185F00B56CD0 /* ViewModels */,
				00CE55F92913175800B56CD0 /* Utils */,
				00A0C5B929118539005ED2DC /* Components */,
				00A0C5B82911852C005ED2DC /* Views */,
			);
			path = "Course 3 Concurrency";
			sourceTree = "<group>";
		};
		00A0C5B82911852C005ED2DC /* Views */ = {
			isa = PBXGroup;
			children = (
				00A0C5C82911864E005ED2DC /* ContentViewConcurrency.swift */,
				00A0C5C62911863A005ED2DC /* HomeViewConcurrency.swift */,
			);
			path = Views;
			sourceTree = "<group>";
		};
		00A0C5B929118539005ED2DC /* Components */ = {
			isa = PBXGroup;
			children = (
				00A0C5BB2911856B005ED2DC /* CourseCardConcurrency.swift */,
				00A0C5BF2911856C005ED2DC /* CourseListConcurrency.swift */,
				00A0C5BC2911856B005ED2DC /* DateTitle.swift */,
				00A0C5BE2911856B005ED2DC /* FeaturedCourseCardConcurrency.swift */,
				00A0C5BD2911856B005ED2DC /* FeaturedCourseListConcurrency.swift */,
			);
			path = Components;
			sourceTree = "<group>";
		};
		00CE55F92913175800B56CD0 /* Utils */ = {
			isa = PBXGroup;
			children = (
				00CE55FA2913177A00B56CD0 /* Network.swift */,
			);
			path = Utils;
			sourceTree = "<group>";
		};
		00CE55FC2913185F00B56CD0 /* ViewModels */ = {
			isa = PBXGroup;
			children = (
			);
			path = ViewModels;
			sourceTree = "<group>";
		};
		00CE55FF2914034800B56CD0 /* Course 3 Async Await Concurrency */ = {
			isa = PBXGroup;
			children = (
				00CE5600291403C100B56CD0 /* DownloadImageAsync.swift */,
				00CE560429143C8E00B56CD0 /* CheckedContinuationBootcamp.swift */,
			);
			path = "Course 3 Async Await Concurrency";
			sourceTree = "<group>";
		};
		00CF92B628F3D3BE002CE4A8 /* Repository */ = {
			isa = PBXGroup;
			children = (
				00CF92B728F3D50B002CE4A8 /* FirebaseRepository.swift */,
			);
			path = Repository;
			sourceTree = "<group>";
		};
		00CF92CC28F8896E002CE4A8 /* Courses */ = {
			isa = PBXGroup;
			children = (
				00CF92CD28F889F8002CE4A8 /* Course 1 Build a SwiftUI app for iOS 15 */,
				00F2C81D2902512C00F43A45 /* Course 2 SwiftUICombineAndData */,
				00A0C5B729118505005ED2DC /* Course 3 Concurrency */,
				00CE55FF2914034800B56CD0 /* Course 3 Async Await Concurrency */,
				0070D0CF291B097900E6C266 /* Course 4 UI and Animations in SwiftUI */,
				0070D0F2291D766B00E6C266 /* Course 5 */,
			);
			path = Courses;
			sourceTree = "<group>";
		};
		00CF92CD28F889F8002CE4A8 /* Course 1 Build a SwiftUI app for iOS 15 */ = {
			isa = PBXGroup;
			children = (
				00CF92E328F88A7E002CE4A8 /* Navigation */,
				00CF92CE28F88A7E002CE4A8 /* Views */,
				00CF92DD28F88A7E002CE4A8 /* Model */,
				00CF92D828F88A7E002CE4A8 /* Components */,
				00CF930628F88BD7002CE4A8 /* Styles */,
			);
			path = "Course 1 Build a SwiftUI app for iOS 15";
			sourceTree = "<group>";
		};
		00CF92CE28F88A7E002CE4A8 /* Views */ = {
			isa = PBXGroup;
			children = (
				0070D0F3291EA9FC00E6C266 /* Main */,
				0070D0FC291EAC8600E6C266 /* Detail */,
				0070D0FF291EAE5B00E6C266 /* Sheet */,
				00CF92D328F88A7E002CE4A8 /* Modals */,
			);
			path = Views;
			sourceTree = "<group>";
		};
		00CF92D328F88A7E002CE4A8 /* Modals */ = {
			isa = PBXGroup;
			children = (
				00CF92D628F88A7E002CE4A8 /* SignUpView.swift */,
				00CF92D528F88A7E002CE4A8 /* SignInView.swift */,
				00CF92D428F88A7E002CE4A8 /* ModalView.swift */,
			);
			path = Modals;
			sourceTree = "<group>";
		};
		00CF92D828F88A7E002CE4A8 /* Components */ = {
			isa = PBXGroup;
			children = (
				0070D10A291EB23400E6C266 /* Items */,
				0070D115291EB60800E6C266 /* Buttons */,
				0070D11A291EB68600E6C266 /* Graphics */,
			);
			path = Components;
			sourceTree = "<group>";
		};
		00CF92DD28F88A7E002CE4A8 /* Model */ = {
			isa = PBXGroup;
			children = (
				00CF92DE28F88A7E002CE4A8 /* Model.swift */,
				00CF92DF28F88A7E002CE4A8 /* Suggestion.swift */,
				00CF92E028F88A7E002CE4A8 /* PreferenceKeys.swift */,
				00CF92E128F88A7E002CE4A8 /* Course.swift */,
				00CF92E228F88A7E002CE4A8 /* Tab.swift */,
				0070D100291EB13D00E6C266 /* Address.swift */,
				0070D102291EB16800E6C266 /* Coin.swift */,
				0070D104291EB18B00E6C266 /* CourseSection.swift */,
				0070D106291EB1AD00E6C266 /* Handbook.swift */,
				0070D108291EB1D700E6C266 /* Topic.swift */,
			);
			path = Model;
			sourceTree = "<group>";
		};
		00CF92E328F88A7E002CE4A8 /* Navigation */ = {
			isa = PBXGroup;
			children = (
				00CF92E628F88A7E002CE4A8 /* ContentView.swift */,
				00CF92E428F88A7E002CE4A8 /* TabBar.swift */,
				00CF92E528F88A7E002CE4A8 /* NavigationBar.swift */,
			);
			path = Navigation;
			sourceTree = "<group>";
		};
		00CF930628F88BD7002CE4A8 /* Styles */ = {
			isa = PBXGroup;
			children = (
				00CF930728F88BD7002CE4A8 /* Styles.swift */,
				00CF930828F88BD7002CE4A8 /* InputStyle.swift */,
				00CF930928F88BD7002CE4A8 /* Animations.swift */,
				00CF930A28F88BD7002CE4A8 /* AnimatableFontModifier.swift */,
				00CF930B28F88BD7002CE4A8 /* AngularButtonStyle.swift */,
				0070D11D292409DE00E6C266 /* AppColors.swift */,
			);
			path = Styles;
			sourceTree = "<group>";
		};
		00F2C81D2902512C00F43A45 /* Course 2 SwiftUICombineAndData */ = {
			isa = PBXGroup;
			children = (
				00F2C82B2902564F00F43A45 /* ContentViewSwiftUICombineCourse.swift */,
				00F2C85D2908258B00F43A45 /* ViewModels */,
				00F2C84D2907046200F43A45 /* Resources */,
				00F2C84629025B7E00F43A45 /* Views */,
				00F2C84329025B4100F43A45 /* Utilities */,
				00F2C837290259C900F43A45 /* Models */,
				00F2C83A29025A6B00F43A45 /* Components */,
				00F2C8322902585B00F43A45 /* Graphics */,
			);
			path = "Course 2 SwiftUICombineAndData";
			sourceTree = "<group>";
		};
		00F2C8322902585B00F43A45 /* Graphics */ = {
			isa = PBXGroup;
			children = (
				00F2C8332902589300F43A45 /* VisualEffectBlur.swift */,
				00F2C835290258FE00F43A45 /* AccountBackground.swift */,
			);
			path = Graphics;
			sourceTree = "<group>";
		};
		00F2C837290259C900F43A45 /* Models */ = {
			isa = PBXGroup;
			children = (
				00F2C83829025A2E00F43A45 /* Package.swift */,
				00F2C84B290703BF00F43A45 /* FAQ.swift */,
				00F2C85B2908222300F43A45 /* Certificate.swift */,
			);
			path = Models;
			sourceTree = "<group>";
		};
		00F2C83A29025A6B00F43A45 /* Components */ = {
			isa = PBXGroup;
			children = (
				00F2C86229084E3D00F43A45 /* Cards */,
				00F2C854290720C500F43A45 /* Buttons */,
				00F2C83B29025A7700F43A45 /* Rows */,
				00F2C84029025AD700F43A45 /* Other */,
			);
			path = Components;
			sourceTree = "<group>";
		};
		00F2C83B29025A7700F43A45 /* Rows */ = {
			isa = PBXGroup;
			children = (
				00F2C83C29025A8A00F43A45 /* MenuRow.swift */,
				00F2C83E29025AAE00F43A45 /* PackageRow.swift */,
				00F2C852290708F600F43A45 /* FAQRow.swift */,
				00F2C85929078D1500F43A45 /* ProfileRow.swift */,
				0027DCC2290977030015CCEF /* NotificationRow.swift */,
				0027DCC4290979DC0015CCEF /* LiteModeRow.swift */,
			);
			path = Rows;
			sourceTree = "<group>";
		};
		00F2C84029025AD700F43A45 /* Other */ = {
			isa = PBXGroup;
			children = (
				00F2C84129025AEC00F43A45 /* GradientIcon.swift */,
			);
			path = Other;
			sourceTree = "<group>";
		};
		00F2C84329025B4100F43A45 /* Utilities */ = {
			isa = PBXGroup;
			children = (
				00F2C84429025B5A00F43A45 /* TrackableScrollView.swift */,
				00F2C8502907064000F43A45 /* ModelData.swift */,
				00F2C857290723AB00F43A45 /* Extensions.swift */,
				0071BEA7290ADBAD0074C83C /* NetworkReachability.swift */,
			);
			path = Utilities;
			sourceTree = "<group>";
		};
		00F2C84629025B7E00F43A45 /* Views */ = {
			isa = PBXGroup;
			children = (
				00F2C84729025B9C00F43A45 /* PackagesView.swift */,
				00F2C84929025BAD00F43A45 /* FAQView.swift */,
				00F2C86029084D2A00F43A45 /* CertificatesView.swift */,
			);
			path = Views;
			sourceTree = "<group>";
		};
		00F2C84D2907046200F43A45 /* Resources */ = {
			isa = PBXGroup;
			children = (
				00F2C84E2907049D00F43A45 /* faqData.json */,
			);
			path = Resources;
			sourceTree = "<group>";
		};
		00F2C854290720C500F43A45 /* Buttons */ = {
			isa = PBXGroup;
			children = (
				00F2C855290720DF00F43A45 /* PrimaryButton.swift */,
			);
			path = Buttons;
			sourceTree = "<group>";
		};
		00F2C85D2908258B00F43A45 /* ViewModels */ = {
			isa = PBXGroup;
			children = (
				00F2C85E290825A200F43A45 /* CertificateViewModel.swift */,
				0071BEA529099EE90074C83C /* NotificationViewModel.swift */,
			);
			path = ViewModels;
			sourceTree = "<group>";
		};
		00F2C86229084E3D00F43A45 /* Cards */ = {
			isa = PBXGroup;
			children = (
				00F2C86329084E5800F43A45 /* CertificateCard.swift */,
			);
			path = Cards;
			sourceTree = "<group>";
		};
/* End PBXGroup section */

/* Begin PBXNativeTarget section */
		0047794528E5DF1E001AE090 /* CourseManager */ = {
			isa = PBXNativeTarget;
			buildConfigurationList = 0047795428E5DF1F001AE090 /* Build configuration list for PBXNativeTarget "CourseManager" */;
			buildPhases = (
				00A0C5E12912C6C9005ED2DC /* Generate Apollo GraphQL API */,
				0047794228E5DF1E001AE090 /* Sources */,
				0047794328E5DF1E001AE090 /* Frameworks */,
				0047794428E5DF1E001AE090 /* Resources */,
			);
			buildRules = (
			);
			dependencies = (
			);
			name = CourseManager;
			packageProductDependencies = (
				0047796128E61183001AE090 /* FirebaseAuth */,
				0047796328E61183001AE090 /* FirebaseFirestore */,
				0047796528E61183001AE090 /* FirebaseFirestoreCombine-Community */,
				0047796728E61183001AE090 /* FirebaseFirestoreSwift */,
				0027DCC729097BF00015CCEF /* FirebaseMessaging */,
				0027DCC929097C140015CCEF /* FirebaseAnalytics */,
				00A0C5CB2911886C005ED2DC /* Apollo */,
				0070D0E2291C0FFD00E6C266 /* BottomSheet */,
			);
			productName = CourseManager;
			productReference = 0047794628E5DF1E001AE090 /* CourseManager.app */;
			productType = "com.apple.product-type.application";
		};
/* End PBXNativeTarget section */

/* Begin PBXProject section */
		0047793E28E5DF1E001AE090 /* Project object */ = {
			isa = PBXProject;
			attributes = {
				BuildIndependentTargetsInParallel = 1;
				LastSwiftUpdateCheck = 1340;
				LastUpgradeCheck = 1340;
				TargetAttributes = {
					0047794528E5DF1E001AE090 = {
						CreatedOnToolsVersion = 13.4.1;
					};
				};
			};
			buildConfigurationList = 0047794128E5DF1E001AE090 /* Build configuration list for PBXProject "CourseManager" */;
			compatibilityVersion = "Xcode 13.0";
			developmentRegion = en;
			hasScannedForEncodings = 0;
			knownRegions = (
				en,
				Base,
			);
			mainGroup = 0047793D28E5DF1E001AE090;
			packageReferences = (
				0047796028E61183001AE090 /* XCRemoteSwiftPackageReference "firebase-ios-sdk" */,
				00A0C5CA2911886C005ED2DC /* XCRemoteSwiftPackageReference "apollo-ios" */,
				0070D0E1291C0FFD00E6C266 /* XCRemoteSwiftPackageReference "BottomSheet" */,
			);
			productRefGroup = 0047794728E5DF1E001AE090 /* Products */;
			projectDirPath = "";
			projectRoot = "";
			targets = (
				0047794528E5DF1E001AE090 /* CourseManager */,
			);
		};
/* End PBXProject section */

/* Begin PBXResourcesBuildPhase section */
		0047794428E5DF1E001AE090 /* Resources */ = {
			isa = PBXResourcesBuildPhase;
			buildActionMask = 2147483647;
			files = (
				00CE55F62913137300B56CD0 /* schema.json in Resources */,
				0047795128E5DF1F001AE090 /* Preview Assets.xcassets in Resources */,
				0047794E28E5DF1F001AE090 /* Assets.xcassets in Resources */,
				00A0C5E02912C66C005ED2DC /* CourseQuery.graphql in Resources */,
				00F2C84F2907049D00F43A45 /* faqData.json in Resources */,
				0047795F28E60F96001AE090 /* GoogleService-Info.plist in Resources */,
			);
			runOnlyForDeploymentPostprocessing = 0;
		};
/* End PBXResourcesBuildPhase section */

/* Begin PBXShellScriptBuildPhase section */
		00A0C5E12912C6C9005ED2DC /* Generate Apollo GraphQL API */ = {
			isa = PBXShellScriptBuildPhase;
			buildActionMask = 8;
			files = (
			);
			inputFileListPaths = (
			);
			inputPaths = (
				"$(SRCROOT)/YourTarget/**/*.graphql",
			);
			name = "Generate Apollo GraphQL API";
			outputFileListPaths = (
			);
			outputPaths = (
				"$(SCROOT)/YourTarget/API.swift",
			);
			runOnlyForDeploymentPostprocessing = 1;
			shellPath = /bin/sh;
			shellScript = "# Don't run this during index builds\nif [ $ACTION = \"indexbuild\" ]; then exit 0; fi\n\n# Go to the build root and search up the chain to find the Derived Data Path where the source packages are checked out.\nDERIVED_DATA_CANDIDATE=\"${BUILD_ROOT}\"\n\nwhile ! [ -d \"${DERIVED_DATA_CANDIDATE}/SourcePackages\" ]; do\n  if [ \"${DERIVED_DATA_CANDIDATE}\" = / ]; then\n    echo >&2 \"error: Unable to locate SourcePackages directory from BUILD_ROOT: '${BUILD_ROOT}'\"\n    exit 1\n  fi\n\n  DERIVED_DATA_CANDIDATE=\"$(dirname \"${DERIVED_DATA_CANDIDATE}\")\"\ndone\n\n# Grab a reference to the directory where scripts are checked out\nSCRIPT_PATH=\"${DERIVED_DATA_CANDIDATE}/SourcePackages/checkouts/apollo-ios/scripts\"\n\nif [ -z \"${SCRIPT_PATH}\" ]; then\n    echo >&2 \"error: Couldn't find the CLI script in your checked out SPM packages; make sure to add the framework to your project.\"\n    exit 1\nfi\n\ncd \"${SRCROOT}/${TARGET_NAME}\"\n\"${SCRIPT_PATH}\"/run-bundled-codegen.sh codegen:generate --target=swift --includes=./**/*.graphql --localSchemaFile=\"schema.json\" API.swift\n";
		};
/* End PBXShellScriptBuildPhase section */

/* Begin PBXSourcesBuildPhase section */
		0047794228E5DF1E001AE090 /* Sources */ = {
			isa = PBXSourcesBuildPhase;
			buildActionMask = 2147483647;
			files = (
				00CF92F828F88A7E002CE4A8 /* TabBar.swift in Sources */,
				0070D109291EB1D700E6C266 /* Topic.swift in Sources */,
				00CF930C28F88BD7002CE4A8 /* Styles.swift in Sources */,
				0070D107291EB1AD00E6C266 /* Handbook.swift in Sources */,
				0070D114291EB4BB00E6C266 /* CertificateView.swift in Sources */,
				0047795828E5E095001AE090 /* CourseInformation.swift in Sources */,
				00CF92F128F88A7E002CE4A8 /* HexagonView.swift in Sources */,
				00A0C5C42911856C005ED2DC /* FeaturedCourseCardConcurrency.swift in Sources */,
				00F2C84829025B9C00F43A45 /* PackagesView.swift in Sources */,
				0070D0EB291D4B0500E6C266 /* ForecastCard.swift in Sources */,
				0070D0E7291C307000E6C266 /* SegmentedControl.swift in Sources */,
				0047797028E75CA5001AE090 /* AddOrEditCourseViewModel.swift in Sources */,
				00F2C8342902589300F43A45 /* VisualEffectBlur.swift in Sources */,
				00F2C85C2908222300F43A45 /* Certificate.swift in Sources */,
				00F2C853290708F600F43A45 /* FAQRow.swift in Sources */,
				00CE55FB2913177A00B56CD0 /* Network.swift in Sources */,
				00CF92EA28F88A7E002CE4A8 /* HomeView.swift in Sources */,
				00CF92EE28F88A7E002CE4A8 /* AccountView.swift in Sources */,
				0070D10C291EB25800E6C266 /* SectionRow.swift in Sources */,
				0070D103291EB16800E6C266 /* Coin.swift in Sources */,
				00CF92A528ED2F11002CE4A8 /* CourseDetailsViewModel.swift in Sources */,
				00F2C85F290825A200F43A45 /* CertificateViewModel.swift in Sources */,
				00CF92EB28F88A7E002CE4A8 /* ModalView.swift in Sources */,
				00F2C86129084D2A00F43A45 /* CertificatesView.swift in Sources */,
				00CF92F728F88A7E002CE4A8 /* Tab.swift in Sources */,
				00F2C84229025AEC00F43A45 /* GradientIcon.swift in Sources */,
				00F2C86429084E5800F43A45 /* CertificateCard.swift in Sources */,
				00A0C5C32911856C005ED2DC /* FeaturedCourseListConcurrency.swift in Sources */,
				0070D0DE291C04BD00E6C266 /* TabBarWeather.swift in Sources */,
				0070D11C291EB6B200E6C266 /* CircularView.swift in Sources */,
				0047794C28E5DF1E001AE090 /* CoursesView.swift in Sources */,
				00F2C82C2902564F00F43A45 /* ContentViewSwiftUICombineCourse.swift in Sources */,
				0070D101291EB13D00E6C266 /* Address.swift in Sources */,
				0070D110291EB2AB00E6C266 /* HandbookItem.swift in Sources */,
				0070D105291EB18B00E6C266 /* CourseSection.swift in Sources */,
				0047795B28E5E364001AE090 /* AddOrEditCourseSheet.swift in Sources */,
				00585EC728FC867D00BD3D6C /* ButtonLabelStyle.swift in Sources */,
				0070D0FB291EAC5100E6C266 /* LibraryView.swift in Sources */,
				0070D117291EB62000E6C266 /* AvatarView.swift in Sources */,
				00CF92F928F88A7E002CE4A8 /* NavigationBar.swift in Sources */,
				00CF92B828F3D50B002CE4A8 /* FirebaseRepository.swift in Sources */,
				0070D0F9291EAC1E00E6C266 /* ExploreView.swift in Sources */,
				00A0C5C12911856C005ED2DC /* CourseCardConcurrency.swift in Sources */,
				00CF92F528F88A7E002CE4A8 /* PreferenceKeys.swift in Sources */,
				00CF92A328EB2E2D002CE4A8 /* CourseDetailsView.swift in Sources */,
				00CF930D28F88BD7002CE4A8 /* InputStyle.swift in Sources */,
				00CF92F228F88A7E002CE4A8 /* FeaturedItem.swift in Sources */,
				00F2C84529025B5A00F43A45 /* TrackableScrollView.swift in Sources */,
				00CF92F028F88A7E002CE4A8 /* BlobView.swift in Sources */,
				0070D112291EB48E00E6C266 /* ListRow.swift in Sources */,
				00F2C85A29078D1500F43A45 /* ProfileRow.swift in Sources */,
				0070D119291EB64B00E6C266 /* PlayView.swift in Sources */,
				00CF92EC28F88A7E002CE4A8 /* SignInView.swift in Sources */,
				0070D0DC291BFE7500E6C266 /* HomeViewWeather.swift in Sources */,
				0047796E28E75C3B001AE090 /* CoursesViewModel.swift in Sources */,
				0047794A28E5DF1E001AE090 /* CourseManagerApp.swift in Sources */,
				0070D0E9291D493700E6C266 /* ForecastModel.swift in Sources */,
				0070D0DA291BFCF900E6C266 /* Weather + Extensions.swift in Sources */,
				00F2C8512907064000F43A45 /* ModelData.swift in Sources */,
				00CE560529143C8E00B56CD0 /* CheckedContinuationBootcamp.swift in Sources */,
				00F2C83D29025A8A00F43A45 /* MenuRow.swift in Sources */,
				00CE5601291403C100B56CD0 /* DownloadImageAsync.swift in Sources */,
				0070D0ED291D58DA00E6C266 /* NavigationBarWeather.swift in Sources */,
				0070D0F7291EABD400E6C266 /* NotificationView.swift in Sources */,
				00F2C83F29025AAE00F43A45 /* PackageRow.swift in Sources */,
				00A0C5C92911864E005ED2DC /* ContentViewConcurrency.swift in Sources */,
				00CF931028F88BD7002CE4A8 /* AngularButtonStyle.swift in Sources */,
				00CF930F28F88BD7002CE4A8 /* AnimatableFontModifier.swift in Sources */,
				00F2C836290258FE00F43A45 /* AccountBackground.swift in Sources */,
				00CF92F428F88A7E002CE4A8 /* Suggestion.swift in Sources */,
				0070D0EF291D59E900E6C266 /* WeatherView.swift in Sources */,
				00CF92EF28F88A7E002CE4A8 /* CourseItem.swift in Sources */,
				00CF92ED28F88A7E002CE4A8 /* SignUpView.swift in Sources */,
				00F2C84A29025BAD00F43A45 /* FAQView.swift in Sources */,
				0070D0FE291EAE0C00E6C266 /* SectionView.swift in Sources */,
				0070D10E291EB28200E6C266 /* SmallCourseItem.swift in Sources */,
				00F2C856290720DF00F43A45 /* PrimaryButton.swift in Sources */,
				0070D0E5291C126900E6C266 /* ForecastView.swift in Sources */,
				00A0C5C52911856C005ED2DC /* CourseListConcurrency.swift in Sources */,
				00CF92F328F88A7E002CE4A8 /* Model.swift in Sources */,
				0027DCC3290977030015CCEF /* NotificationRow.swift in Sources */,
				00CF92F628F88A7E002CE4A8 /* Course.swift in Sources */,
				00CF930E28F88BD7002CE4A8 /* Animations.swift in Sources */,
				0071BEA8290ADBAD0074C83C /* NetworkReachability.swift in Sources */,
				0070D0D6291BFC7F00E6C266 /* ContentViewWeather.swift in Sources */,
				00F2C83929025A2E00F43A45 /* Package.swift in Sources */,
				00F2C858290723AB00F43A45 /* Extensions.swift in Sources */,
				0070D11E292409DE00E6C266 /* AppColors.swift in Sources */,
				00F2C84C290703BF00F43A45 /* FAQ.swift in Sources */,
				00CF92FA28F88A7E002CE4A8 /* ContentView.swift in Sources */,
				00CF92E828F88A7E002CE4A8 /* SearchView.swift in Sources */,
				00A0C5C22911856C005ED2DC /* DateTitle.swift in Sources */,
				0027DCC5290979DC0015CCEF /* LiteModeRow.swift in Sources */,
				0070D0E0291C08D500E6C266 /* Shapes.swift in Sources */,
				0070D0F1291D5E1F00E6C266 /* WeatherWidget.swift in Sources */,
				00CF92E928F88A7E002CE4A8 /* CourseView.swift in Sources */,
				0071BEA629099EE90074C83C /* NotificationViewModel.swift in Sources */,
				00A0C5C72911863A005ED2DC /* HomeViewConcurrency.swift in Sources */,
			);
			runOnlyForDeploymentPostprocessing = 0;
		};
/* End PBXSourcesBuildPhase section */

/* Begin XCBuildConfiguration section */
		0047795228E5DF1F001AE090 /* Debug */ = {
			isa = XCBuildConfiguration;
			buildSettings = {
				ALWAYS_SEARCH_USER_PATHS = NO;
				CLANG_ANALYZER_NONNULL = YES;
				CLANG_ANALYZER_NUMBER_OBJECT_CONVERSION = YES_AGGRESSIVE;
				CLANG_CXX_LANGUAGE_STANDARD = "gnu++17";
				CLANG_ENABLE_MODULES = YES;
				CLANG_ENABLE_OBJC_ARC = YES;
				CLANG_ENABLE_OBJC_WEAK = YES;
				CLANG_WARN_BLOCK_CAPTURE_AUTORELEASING = YES;
				CLANG_WARN_BOOL_CONVERSION = YES;
				CLANG_WARN_COMMA = YES;
				CLANG_WARN_CONSTANT_CONVERSION = YES;
				CLANG_WARN_DEPRECATED_OBJC_IMPLEMENTATIONS = YES;
				CLANG_WARN_DIRECT_OBJC_ISA_USAGE = YES_ERROR;
				CLANG_WARN_DOCUMENTATION_COMMENTS = YES;
				CLANG_WARN_EMPTY_BODY = YES;
				CLANG_WARN_ENUM_CONVERSION = YES;
				CLANG_WARN_INFINITE_RECURSION = YES;
				CLANG_WARN_INT_CONVERSION = YES;
				CLANG_WARN_NON_LITERAL_NULL_CONVERSION = YES;
				CLANG_WARN_OBJC_IMPLICIT_RETAIN_SELF = YES;
				CLANG_WARN_OBJC_LITERAL_CONVERSION = YES;
				CLANG_WARN_OBJC_ROOT_CLASS = YES_ERROR;
				CLANG_WARN_QUOTED_INCLUDE_IN_FRAMEWORK_HEADER = YES;
				CLANG_WARN_RANGE_LOOP_ANALYSIS = YES;
				CLANG_WARN_STRICT_PROTOTYPES = YES;
				CLANG_WARN_SUSPICIOUS_MOVE = YES;
				CLANG_WARN_UNGUARDED_AVAILABILITY = YES_AGGRESSIVE;
				CLANG_WARN_UNREACHABLE_CODE = YES;
				CLANG_WARN__DUPLICATE_METHOD_MATCH = YES;
				COPY_PHASE_STRIP = NO;
				DEBUG_INFORMATION_FORMAT = dwarf;
				ENABLE_STRICT_OBJC_MSGSEND = YES;
				ENABLE_TESTABILITY = YES;
				GCC_C_LANGUAGE_STANDARD = gnu11;
				GCC_DYNAMIC_NO_PIC = NO;
				GCC_NO_COMMON_BLOCKS = YES;
				GCC_OPTIMIZATION_LEVEL = 0;
				GCC_PREPROCESSOR_DEFINITIONS = (
					"DEBUG=1",
					"$(inherited)",
				);
				GCC_WARN_64_TO_32_BIT_CONVERSION = YES;
				GCC_WARN_ABOUT_RETURN_TYPE = YES_ERROR;
				GCC_WARN_UNDECLARED_SELECTOR = YES;
				GCC_WARN_UNINITIALIZED_AUTOS = YES_AGGRESSIVE;
				GCC_WARN_UNUSED_FUNCTION = YES;
				GCC_WARN_UNUSED_VARIABLE = YES;
				IPHONEOS_DEPLOYMENT_TARGET = 15.5;
				MTL_ENABLE_DEBUG_INFO = INCLUDE_SOURCE;
				MTL_FAST_MATH = YES;
				ONLY_ACTIVE_ARCH = YES;
				SDKROOT = iphoneos;
				SWIFT_ACTIVE_COMPILATION_CONDITIONS = DEBUG;
				SWIFT_OPTIMIZATION_LEVEL = "-Onone";
			};
			name = Debug;
		};
		0047795328E5DF1F001AE090 /* Release */ = {
			isa = XCBuildConfiguration;
			buildSettings = {
				ALWAYS_SEARCH_USER_PATHS = NO;
				CLANG_ANALYZER_NONNULL = YES;
				CLANG_ANALYZER_NUMBER_OBJECT_CONVERSION = YES_AGGRESSIVE;
				CLANG_CXX_LANGUAGE_STANDARD = "gnu++17";
				CLANG_ENABLE_MODULES = YES;
				CLANG_ENABLE_OBJC_ARC = YES;
				CLANG_ENABLE_OBJC_WEAK = YES;
				CLANG_WARN_BLOCK_CAPTURE_AUTORELEASING = YES;
				CLANG_WARN_BOOL_CONVERSION = YES;
				CLANG_WARN_COMMA = YES;
				CLANG_WARN_CONSTANT_CONVERSION = YES;
				CLANG_WARN_DEPRECATED_OBJC_IMPLEMENTATIONS = YES;
				CLANG_WARN_DIRECT_OBJC_ISA_USAGE = YES_ERROR;
				CLANG_WARN_DOCUMENTATION_COMMENTS = YES;
				CLANG_WARN_EMPTY_BODY = YES;
				CLANG_WARN_ENUM_CONVERSION = YES;
				CLANG_WARN_INFINITE_RECURSION = YES;
				CLANG_WARN_INT_CONVERSION = YES;
				CLANG_WARN_NON_LITERAL_NULL_CONVERSION = YES;
				CLANG_WARN_OBJC_IMPLICIT_RETAIN_SELF = YES;
				CLANG_WARN_OBJC_LITERAL_CONVERSION = YES;
				CLANG_WARN_OBJC_ROOT_CLASS = YES_ERROR;
				CLANG_WARN_QUOTED_INCLUDE_IN_FRAMEWORK_HEADER = YES;
				CLANG_WARN_RANGE_LOOP_ANALYSIS = YES;
				CLANG_WARN_STRICT_PROTOTYPES = YES;
				CLANG_WARN_SUSPICIOUS_MOVE = YES;
				CLANG_WARN_UNGUARDED_AVAILABILITY = YES_AGGRESSIVE;
				CLANG_WARN_UNREACHABLE_CODE = YES;
				CLANG_WARN__DUPLICATE_METHOD_MATCH = YES;
				COPY_PHASE_STRIP = NO;
				DEBUG_INFORMATION_FORMAT = "dwarf-with-dsym";
				ENABLE_NS_ASSERTIONS = NO;
				ENABLE_STRICT_OBJC_MSGSEND = YES;
				GCC_C_LANGUAGE_STANDARD = gnu11;
				GCC_NO_COMMON_BLOCKS = YES;
				GCC_WARN_64_TO_32_BIT_CONVERSION = YES;
				GCC_WARN_ABOUT_RETURN_TYPE = YES_ERROR;
				GCC_WARN_UNDECLARED_SELECTOR = YES;
				GCC_WARN_UNINITIALIZED_AUTOS = YES_AGGRESSIVE;
				GCC_WARN_UNUSED_FUNCTION = YES;
				GCC_WARN_UNUSED_VARIABLE = YES;
				IPHONEOS_DEPLOYMENT_TARGET = 15.5;
				MTL_ENABLE_DEBUG_INFO = NO;
				MTL_FAST_MATH = YES;
				SDKROOT = iphoneos;
				SWIFT_COMPILATION_MODE = wholemodule;
				SWIFT_OPTIMIZATION_LEVEL = "-O";
				VALIDATE_PRODUCT = YES;
			};
			name = Release;
		};
		0047795528E5DF1F001AE090 /* Debug */ = {
			isa = XCBuildConfiguration;
			buildSettings = {
				ASSETCATALOG_COMPILER_APPICON_NAME = AppIcon;
				ASSETCATALOG_COMPILER_GLOBAL_ACCENT_COLOR_NAME = AccentColor;
				CODE_SIGN_ENTITLEMENTS = CourseManager/CourseManager.entitlements;
				CODE_SIGN_STYLE = Automatic;
				CURRENT_PROJECT_VERSION = 1;
				DEVELOPMENT_ASSET_PATHS = "\"CourseManager/Preview Content\"";
				DEVELOPMENT_TEAM = R557EG7BZV;
				ENABLE_PREVIEWS = YES;
				GENERATE_INFOPLIST_FILE = YES;
				INFOPLIST_FILE = CourseManager/Info.plist;
				INFOPLIST_KEY_UIApplicationSceneManifest_Generation = YES;
				INFOPLIST_KEY_UIApplicationSupportsIndirectInputEvents = YES;
				INFOPLIST_KEY_UILaunchScreen_Generation = YES;
				INFOPLIST_KEY_UISupportedInterfaceOrientations_iPad = "UIInterfaceOrientationPortrait UIInterfaceOrientationPortraitUpsideDown UIInterfaceOrientationLandscapeLeft UIInterfaceOrientationLandscapeRight";
				INFOPLIST_KEY_UISupportedInterfaceOrientations_iPhone = "UIInterfaceOrientationPortrait UIInterfaceOrientationLandscapeLeft UIInterfaceOrientationLandscapeRight";
				LD_RUNPATH_SEARCH_PATHS = (
					"$(inherited)",
					"@executable_path/Frameworks",
				);
				MARKETING_VERSION = 1.0;
				PRODUCT_BUNDLE_IDENTIFIER = com.samarghourab.CourseManager;
				PRODUCT_NAME = "$(TARGET_NAME)";
				SWIFT_EMIT_LOC_STRINGS = YES;
				SWIFT_VERSION = 5.0;
				TARGETED_DEVICE_FAMILY = "1,2";
			};
			name = Debug;
		};
		0047795628E5DF1F001AE090 /* Release */ = {
			isa = XCBuildConfiguration;
			buildSettings = {
				ASSETCATALOG_COMPILER_APPICON_NAME = AppIcon;
				ASSETCATALOG_COMPILER_GLOBAL_ACCENT_COLOR_NAME = AccentColor;
				CODE_SIGN_ENTITLEMENTS = CourseManager/CourseManager.entitlements;
				CODE_SIGN_STYLE = Automatic;
				CURRENT_PROJECT_VERSION = 1;
				DEVELOPMENT_ASSET_PATHS = "\"CourseManager/Preview Content\"";
				DEVELOPMENT_TEAM = R557EG7BZV;
				ENABLE_PREVIEWS = YES;
				GENERATE_INFOPLIST_FILE = YES;
				INFOPLIST_FILE = CourseManager/Info.plist;
				INFOPLIST_KEY_UIApplicationSceneManifest_Generation = YES;
				INFOPLIST_KEY_UIApplicationSupportsIndirectInputEvents = YES;
				INFOPLIST_KEY_UILaunchScreen_Generation = YES;
				INFOPLIST_KEY_UISupportedInterfaceOrientations_iPad = "UIInterfaceOrientationPortrait UIInterfaceOrientationPortraitUpsideDown UIInterfaceOrientationLandscapeLeft UIInterfaceOrientationLandscapeRight";
				INFOPLIST_KEY_UISupportedInterfaceOrientations_iPhone = "UIInterfaceOrientationPortrait UIInterfaceOrientationLandscapeLeft UIInterfaceOrientationLandscapeRight";
				LD_RUNPATH_SEARCH_PATHS = (
					"$(inherited)",
					"@executable_path/Frameworks",
				);
				MARKETING_VERSION = 1.0;
				PRODUCT_BUNDLE_IDENTIFIER = com.samarghourab.CourseManager;
				PRODUCT_NAME = "$(TARGET_NAME)";
				SWIFT_EMIT_LOC_STRINGS = YES;
				SWIFT_VERSION = 5.0;
				TARGETED_DEVICE_FAMILY = "1,2";
			};
			name = Release;
		};
/* End XCBuildConfiguration section */

/* Begin XCConfigurationList section */
		0047794128E5DF1E001AE090 /* Build configuration list for PBXProject "CourseManager" */ = {
			isa = XCConfigurationList;
			buildConfigurations = (
				0047795228E5DF1F001AE090 /* Debug */,
				0047795328E5DF1F001AE090 /* Release */,
			);
			defaultConfigurationIsVisible = 0;
			defaultConfigurationName = Release;
		};
		0047795428E5DF1F001AE090 /* Build configuration list for PBXNativeTarget "CourseManager" */ = {
			isa = XCConfigurationList;
			buildConfigurations = (
				0047795528E5DF1F001AE090 /* Debug */,
				0047795628E5DF1F001AE090 /* Release */,
			);
			defaultConfigurationIsVisible = 0;
			defaultConfigurationName = Release;
		};
/* End XCConfigurationList section */

/* Begin XCRemoteSwiftPackageReference section */
		0047796028E61183001AE090 /* XCRemoteSwiftPackageReference "firebase-ios-sdk" */ = {
			isa = XCRemoteSwiftPackageReference;
			repositoryURL = "https://github.com/firebase/firebase-ios-sdk.git";
			requirement = {
				kind = upToNextMajorVersion;
				minimumVersion = 9.0.0;
			};
		};
		0070D0E1291C0FFD00E6C266 /* XCRemoteSwiftPackageReference "BottomSheet" */ = {
			isa = XCRemoteSwiftPackageReference;
			repositoryURL = "https://github.com/Wouter125/BottomSheet";
			requirement = {
				branch = main;
				kind = branch;
			};
		};
		00A0C5CA2911886C005ED2DC /* XCRemoteSwiftPackageReference "apollo-ios" */ = {
			isa = XCRemoteSwiftPackageReference;
			repositoryURL = "https://github.com/apollographql/apollo-ios";
			requirement = {
				kind = upToNextMajorVersion;
				minimumVersion = 1.0.0;
			};
		};
/* End XCRemoteSwiftPackageReference section */

/* Begin XCSwiftPackageProductDependency section */
		0027DCC729097BF00015CCEF /* FirebaseMessaging */ = {
			isa = XCSwiftPackageProductDependency;
			package = 0047796028E61183001AE090 /* XCRemoteSwiftPackageReference "firebase-ios-sdk" */;
			productName = FirebaseMessaging;
		};
		0027DCC929097C140015CCEF /* FirebaseAnalytics */ = {
			isa = XCSwiftPackageProductDependency;
			package = 0047796028E61183001AE090 /* XCRemoteSwiftPackageReference "firebase-ios-sdk" */;
			productName = FirebaseAnalytics;
		};
		0047796128E61183001AE090 /* FirebaseAuth */ = {
			isa = XCSwiftPackageProductDependency;
			package = 0047796028E61183001AE090 /* XCRemoteSwiftPackageReference "firebase-ios-sdk" */;
			productName = FirebaseAuth;
		};
		0047796328E61183001AE090 /* FirebaseFirestore */ = {
			isa = XCSwiftPackageProductDependency;
			package = 0047796028E61183001AE090 /* XCRemoteSwiftPackageReference "firebase-ios-sdk" */;
			productName = FirebaseFirestore;
		};
		0047796528E61183001AE090 /* FirebaseFirestoreCombine-Community */ = {
			isa = XCSwiftPackageProductDependency;
			package = 0047796028E61183001AE090 /* XCRemoteSwiftPackageReference "firebase-ios-sdk" */;
			productName = "FirebaseFirestoreCombine-Community";
		};
		0047796728E61183001AE090 /* FirebaseFirestoreSwift */ = {
			isa = XCSwiftPackageProductDependency;
			package = 0047796028E61183001AE090 /* XCRemoteSwiftPackageReference "firebase-ios-sdk" */;
			productName = FirebaseFirestoreSwift;
		};
		0070D0E2291C0FFD00E6C266 /* BottomSheet */ = {
			isa = XCSwiftPackageProductDependency;
			package = 0070D0E1291C0FFD00E6C266 /* XCRemoteSwiftPackageReference "BottomSheet" */;
			productName = BottomSheet;
		};
		00A0C5CB2911886C005ED2DC /* Apollo */ = {
			isa = XCSwiftPackageProductDependency;
			package = 00A0C5CA2911886C005ED2DC /* XCRemoteSwiftPackageReference "apollo-ios" */;
			productName = Apollo;
		};
/* End XCSwiftPackageProductDependency section */
	};
	rootObject = 0047793E28E5DF1E001AE090 /* Project object */;
}
